// !$*UTF8*$!
{
	archiveVersion = 1;
	classes = {
	};
	objectVersion = 51;
	objects = {

/* Begin PBXBuildFile section */
		13ABD5F45F0198172A4C1C8A /* Pods_MuddyPaws.framework in Frameworks */ = {isa = PBXBuildFile; fileRef = 701C73BE603164AE7A7AD8AE /* Pods_MuddyPaws.framework */; };
		9B6166CC26AE309E00F63006 /* AppDelegate.swift in Sources */ = {isa = PBXBuildFile; fileRef = 9B6166CB26AE309D00F63006 /* AppDelegate.swift */; };
		9B6166CE26AE309E00F63006 /* SceneDelegate.swift in Sources */ = {isa = PBXBuildFile; fileRef = 9B6166CD26AE309E00F63006 /* SceneDelegate.swift */; };
		9B6166D326AE309E00F63006 /* Register.storyboard in Resources */ = {isa = PBXBuildFile; fileRef = 9B6166D126AE309E00F63006 /* Register.storyboard */; };
		9B6166D526AE30A700F63006 /* Assets.xcassets in Resources */ = {isa = PBXBuildFile; fileRef = 9B6166D426AE30A700F63006 /* Assets.xcassets */; };
		9B6166D826AE30A700F63006 /* LaunchScreen.storyboard in Resources */ = {isa = PBXBuildFile; fileRef = 9B6166D626AE30A700F63006 /* LaunchScreen.storyboard */; };
		9B6166E426AE391100F63006 /* LandingScreen.swift in Sources */ = {isa = PBXBuildFile; fileRef = 9B6166E326AE391100F63006 /* LandingScreen.swift */; };
		9B6166E626AE3BC900F63006 /* Login.swift in Sources */ = {isa = PBXBuildFile; fileRef = 9B6166E526AE3BC900F63006 /* Login.swift */; };
		9B6166E826AE3E3100F63006 /* SignUp.swift in Sources */ = {isa = PBXBuildFile; fileRef = 9B6166E726AE3E3100F63006 /* SignUp.swift */; };
		9B6166EA26AE3FF800F63006 /* SideMenu.swift in Sources */ = {isa = PBXBuildFile; fileRef = 9B6166E926AE3FF800F63006 /* SideMenu.swift */; };
		9B6166EE26AE44BC00F63006 /* RootNavigation.swift in Sources */ = {isa = PBXBuildFile; fileRef = 9B6166ED26AE44BC00F63006 /* RootNavigation.swift */; };
		9B6166F026AE44E800F63006 /* UserHome.swift in Sources */ = {isa = PBXBuildFile; fileRef = 9B6166EF26AE44E800F63006 /* UserHome.swift */; };
		9B82AE3E26AE4EAA000E5341 /* User.storyboard in Resources */ = {isa = PBXBuildFile; fileRef = 9B82AE3C26AE4EAA000E5341 /* User.storyboard */; };
		9B82AE4026AE525D000E5341 /* SittingBoardingCntrlr.swift in Sources */ = {isa = PBXBuildFile; fileRef = 9B82AE3F26AE525D000E5341 /* SittingBoardingCntrlr.swift */; };
		9B82AE4226AE5E32000E5341 /* SelectTimeCell.swift in Sources */ = {isa = PBXBuildFile; fileRef = 9B82AE4126AE5E32000E5341 /* SelectTimeCell.swift */; };
		9B82AE4526AE6C65000E5341 /* Calendar.swift in Sources */ = {isa = PBXBuildFile; fileRef = 9B82AE4426AE6C65000E5341 /* Calendar.swift */; };
/* End PBXBuildFile section */

/* Begin PBXFileReference section */
		701C73BE603164AE7A7AD8AE /* Pods_MuddyPaws.framework */ = {isa = PBXFileReference; explicitFileType = wrapper.framework; includeInIndex = 0; path = Pods_MuddyPaws.framework; sourceTree = BUILT_PRODUCTS_DIR; };
		9B6166C826AE309D00F63006 /* MuddyPaws.app */ = {isa = PBXFileReference; explicitFileType = wrapper.application; includeInIndex = 0; path = MuddyPaws.app; sourceTree = BUILT_PRODUCTS_DIR; };
		9B6166CB26AE309D00F63006 /* AppDelegate.swift */ = {isa = PBXFileReference; lastKnownFileType = sourcecode.swift; path = AppDelegate.swift; sourceTree = "<group>"; };
		9B6166CD26AE309E00F63006 /* SceneDelegate.swift */ = {isa = PBXFileReference; lastKnownFileType = sourcecode.swift; path = SceneDelegate.swift; sourceTree = "<group>"; };
		9B6166D226AE309E00F63006 /* Base */ = {isa = PBXFileReference; lastKnownFileType = file.storyboard; name = Base; path = Base.lproj/Register.storyboard; sourceTree = "<group>"; };
		9B6166D426AE30A700F63006 /* Assets.xcassets */ = {isa = PBXFileReference; lastKnownFileType = folder.assetcatalog; path = Assets.xcassets; sourceTree = "<group>"; };
		9B6166D726AE30A700F63006 /* Base */ = {isa = PBXFileReference; lastKnownFileType = file.storyboard; name = Base; path = Base.lproj/LaunchScreen.storyboard; sourceTree = "<group>"; };
		9B6166D926AE30A700F63006 /* Info.plist */ = {isa = PBXFileReference; lastKnownFileType = text.plist.xml; path = Info.plist; sourceTree = "<group>"; };
		9B6166E326AE391100F63006 /* LandingScreen.swift */ = {isa = PBXFileReference; lastKnownFileType = sourcecode.swift; path = LandingScreen.swift; sourceTree = "<group>"; };
		9B6166E526AE3BC900F63006 /* Login.swift */ = {isa = PBXFileReference; lastKnownFileType = sourcecode.swift; path = Login.swift; sourceTree = "<group>"; };
		9B6166E726AE3E3100F63006 /* SignUp.swift */ = {isa = PBXFileReference; lastKnownFileType = sourcecode.swift; path = SignUp.swift; sourceTree = "<group>"; };
		9B6166E926AE3FF800F63006 /* SideMenu.swift */ = {isa = PBXFileReference; lastKnownFileType = sourcecode.swift; path = SideMenu.swift; sourceTree = "<group>"; };
		9B6166ED26AE44BC00F63006 /* RootNavigation.swift */ = {isa = PBXFileReference; lastKnownFileType = sourcecode.swift; path = RootNavigation.swift; sourceTree = "<group>"; };
		9B6166EF26AE44E800F63006 /* UserHome.swift */ = {isa = PBXFileReference; lastKnownFileType = sourcecode.swift; path = UserHome.swift; sourceTree = "<group>"; };
		9B82AE3D26AE4EAA000E5341 /* Base */ = {isa = PBXFileReference; lastKnownFileType = file.storyboard; name = Base; path = Base.lproj/User.storyboard; sourceTree = "<group>"; };
		9B82AE3F26AE525D000E5341 /* SittingBoardingCntrlr.swift */ = {isa = PBXFileReference; lastKnownFileType = sourcecode.swift; path = SittingBoardingCntrlr.swift; sourceTree = "<group>"; };
		9B82AE4126AE5E32000E5341 /* SelectTimeCell.swift */ = {isa = PBXFileReference; lastKnownFileType = sourcecode.swift; path = SelectTimeCell.swift; sourceTree = "<group>"; };
		9B82AE4426AE6C65000E5341 /* Calendar.swift */ = {isa = PBXFileReference; fileEncoding = 4; lastKnownFileType = sourcecode.swift; path = Calendar.swift; sourceTree = "<group>"; };
		AC2CEF7D580CBD1B48BE4116 /* Pods-MuddyPaws.debug.xcconfig */ = {isa = PBXFileReference; includeInIndex = 1; lastKnownFileType = text.xcconfig; name = "Pods-MuddyPaws.debug.xcconfig"; path = "Target Support Files/Pods-MuddyPaws/Pods-MuddyPaws.debug.xcconfig"; sourceTree = "<group>"; };
		E3C204C671C48F3D104751B1 /* Pods-MuddyPaws.release.xcconfig */ = {isa = PBXFileReference; includeInIndex = 1; lastKnownFileType = text.xcconfig; name = "Pods-MuddyPaws.release.xcconfig"; path = "Target Support Files/Pods-MuddyPaws/Pods-MuddyPaws.release.xcconfig"; sourceTree = "<group>"; };
/* End PBXFileReference section */

/* Begin PBXFrameworksBuildPhase section */
		9B6166C526AE309D00F63006 /* Frameworks */ = {
			isa = PBXFrameworksBuildPhase;
			buildActionMask = 2147483647;
			files = (
				13ABD5F45F0198172A4C1C8A /* Pods_MuddyPaws.framework in Frameworks */,
			);
			runOnlyForDeploymentPostprocessing = 0;
		};
/* End PBXFrameworksBuildPhase section */

/* Begin PBXGroup section */
		52CE92F4F58D77EE9A4786B4 /* Frameworks */ = {
			isa = PBXGroup;
			children = (
				701C73BE603164AE7A7AD8AE /* Pods_MuddyPaws.framework */,
			);
			name = Frameworks;
			sourceTree = "<group>";
		};
		65282878982023E56C06CE1E /* Pods */ = {
			isa = PBXGroup;
			children = (
				AC2CEF7D580CBD1B48BE4116 /* Pods-MuddyPaws.debug.xcconfig */,
				E3C204C671C48F3D104751B1 /* Pods-MuddyPaws.release.xcconfig */,
			);
			path = Pods;
			sourceTree = "<group>";
		};
		9B6166BF26AE309D00F63006 = {
			isa = PBXGroup;
			children = (
				9B6166CA26AE309D00F63006 /* MuddyPaws */,
				9B6166C926AE309D00F63006 /* Products */,
				65282878982023E56C06CE1E /* Pods */,
				52CE92F4F58D77EE9A4786B4 /* Frameworks */,
			);
			sourceTree = "<group>";
		};
		9B6166C926AE309D00F63006 /* Products */ = {
			isa = PBXGroup;
			children = (
				9B6166C826AE309D00F63006 /* MuddyPaws.app */,
			);
			name = Products;
			sourceTree = "<group>";
		};
		9B6166CA26AE309D00F63006 /* MuddyPaws */ = {
			isa = PBXGroup;
			children = (
				9B6166CB26AE309D00F63006 /* AppDelegate.swift */,
				9B6166CD26AE309E00F63006 /* SceneDelegate.swift */,
				9B6166E026AE310900F63006 /* View */,
				9B6166E126AE311300F63006 /* Cells */,
				9B6166DF26AE30F500F63006 /* Extensions */,
				9B6166E226AE311D00F63006 /* Controllers */,
				9B6166D426AE30A700F63006 /* Assets.xcassets */,
				9B6166D926AE30A700F63006 /* Info.plist */,
			);
			path = MuddyPaws;
			sourceTree = "<group>";
		};
		9B6166DF26AE30F500F63006 /* Extensions */ = {
			isa = PBXGroup;
			children = (
				9B82AE4426AE6C65000E5341 /* Calendar.swift */,
			);
			path = Extensions;
			sourceTree = "<group>";
		};
		9B6166E026AE310900F63006 /* View */ = {
			isa = PBXGroup;
			children = (
				9B82AE3C26AE4EAA000E5341 /* User.storyboard */,
				9B6166D626AE30A700F63006 /* LaunchScreen.storyboard */,
				9B6166D126AE309E00F63006 /* Register.storyboard */,
			);
			path = View;
			sourceTree = "<group>";
		};
		9B6166E126AE311300F63006 /* Cells */ = {
			isa = PBXGroup;
			children = (
				9B82AE4126AE5E32000E5341 /* SelectTimeCell.swift */,
			);
			path = Cells;
			sourceTree = "<group>";
		};
		9B6166E226AE311D00F63006 /* Controllers */ = {
			isa = PBXGroup;
			children = (
				9B6166E326AE391100F63006 /* LandingScreen.swift */,
				9B6166E526AE3BC900F63006 /* Login.swift */,
				9B6166E726AE3E3100F63006 /* SignUp.swift */,
				9B6166E926AE3FF800F63006 /* SideMenu.swift */,
				9B6166ED26AE44BC00F63006 /* RootNavigation.swift */,
				9B6166EF26AE44E800F63006 /* UserHome.swift */,
				9B82AE3F26AE525D000E5341 /* SittingBoardingCntrlr.swift */,
			);
			path = Controllers;
			sourceTree = "<group>";
		};
/* End PBXGroup section */

/* Begin PBXNativeTarget section */
		9B6166C726AE309D00F63006 /* MuddyPaws */ = {
			isa = PBXNativeTarget;
			buildConfigurationList = 9B6166DC26AE30A700F63006 /* Build configuration list for PBXNativeTarget "MuddyPaws" */;
			buildPhases = (
				2BC1A4F23E17BD3D384570CC /* [CP] Check Pods Manifest.lock */,
				9B6166C426AE309D00F63006 /* Sources */,
				9B6166C526AE309D00F63006 /* Frameworks */,
				9B6166C626AE309D00F63006 /* Resources */,
				04F1A83A66D234B1915D7E43 /* [CP] Embed Pods Frameworks */,
			);
			buildRules = (
			);
			dependencies = (
			);
			name = MuddyPaws;
			productName = MuddyPaws;
			productReference = 9B6166C826AE309D00F63006 /* MuddyPaws.app */;
			productType = "com.apple.product-type.application";
		};
/* End PBXNativeTarget section */

/* Begin PBXProject section */
		9B6166C026AE309D00F63006 /* Project object */ = {
			isa = PBXProject;
			attributes = {
				LastSwiftUpdateCheck = 1170;
				LastUpgradeCheck = 1170;
				ORGANIZATIONNAME = TechGeeks;
				TargetAttributes = {
					9B6166C726AE309D00F63006 = {
						CreatedOnToolsVersion = 11.7;
					};
				};
			};
			buildConfigurationList = 9B6166C326AE309D00F63006 /* Build configuration list for PBXProject "MuddyPaws" */;
			compatibilityVersion = "Xcode 9.3";
			developmentRegion = en;
			hasScannedForEncodings = 0;
			knownRegions = (
				en,
				Base,
			);
			mainGroup = 9B6166BF26AE309D00F63006;
			productRefGroup = 9B6166C926AE309D00F63006 /* Products */;
			projectDirPath = "";
			projectRoot = "";
			targets = (
				9B6166C726AE309D00F63006 /* MuddyPaws */,
			);
		};
/* End PBXProject section */

/* Begin PBXResourcesBuildPhase section */
		9B6166C626AE309D00F63006 /* Resources */ = {
			isa = PBXResourcesBuildPhase;
			buildActionMask = 2147483647;
			files = (
				9B6166D826AE30A700F63006 /* LaunchScreen.storyboard in Resources */,
				9B82AE3E26AE4EAA000E5341 /* User.storyboard in Resources */,
				9B6166D526AE30A700F63006 /* Assets.xcassets in Resources */,
				9B6166D326AE309E00F63006 /* Register.storyboard in Resources */,
			);
			runOnlyForDeploymentPostprocessing = 0;
		};
/* End PBXResourcesBuildPhase section */

/* Begin PBXShellScriptBuildPhase section */
		04F1A83A66D234B1915D7E43 /* [CP] Embed Pods Frameworks */ = {
			isa = PBXShellScriptBuildPhase;
			buildActionMask = 2147483647;
			files = (
			);
			inputFileListPaths = (
				"${PODS_ROOT}/Target Support Files/Pods-MuddyPaws/Pods-MuddyPaws-frameworks-${CONFIGURATION}-input-files.xcfilelist",
			);
			name = "[CP] Embed Pods Frameworks";
			outputFileListPaths = (
				"${PODS_ROOT}/Target Support Files/Pods-MuddyPaws/Pods-MuddyPaws-frameworks-${CONFIGURATION}-output-files.xcfilelist",
			);
			runOnlyForDeploymentPostprocessing = 0;
			shellPath = /bin/sh;
			shellScript = "\"${PODS_ROOT}/Target Support Files/Pods-MuddyPaws/Pods-MuddyPaws-frameworks.sh\"\n";
			showEnvVarsInLog = 0;
		};
		2BC1A4F23E17BD3D384570CC /* [CP] Check Pods Manifest.lock */ = {
			isa = PBXShellScriptBuildPhase;
			buildActionMask = 2147483647;
			files = (
			);
			inputFileListPaths = (
			);
			inputPaths = (
				"${PODS_PODFILE_DIR_PATH}/Podfile.lock",
				"${PODS_ROOT}/Manifest.lock",
			);
			name = "[CP] Check Pods Manifest.lock";
			outputFileListPaths = (
			);
			outputPaths = (
				"$(DERIVED_FILE_DIR)/Pods-MuddyPaws-checkManifestLockResult.txt",
			);
			runOnlyForDeploymentPostprocessing = 0;
			shellPath = /bin/sh;
			shellScript = "diff \"${PODS_PODFILE_DIR_PATH}/Podfile.lock\" \"${PODS_ROOT}/Manifest.lock\" > /dev/null\nif [ $? != 0 ] ; then\n    # print error to STDERR\n    echo \"error: The sandbox is not in sync with the Podfile.lock. Run 'pod install' or update your CocoaPods installation.\" >&2\n    exit 1\nfi\n# This output is used by Xcode 'outputs' to avoid re-running this script phase.\necho \"SUCCESS\" > \"${SCRIPT_OUTPUT_FILE_0}\"\n";
			showEnvVarsInLog = 0;
		};
/* End PBXShellScriptBuildPhase section */

/* Begin PBXSourcesBuildPhase section */
		9B6166C426AE309D00F63006 /* Sources */ = {
			isa = PBXSourcesBuildPhase;
			buildActionMask = 2147483647;
			files = (
				9B82AE4526AE6C65000E5341 /* Calendar.swift in Sources */,
				9B6166CC26AE309E00F63006 /* AppDelegate.swift in Sources */,
				9B6166F026AE44E800F63006 /* UserHome.swift in Sources */,
				9B6166E426AE391100F63006 /* LandingScreen.swift in Sources */,
				9B6166CE26AE309E00F63006 /* SceneDelegate.swift in Sources */,
				9B82AE4026AE525D000E5341 /* SittingBoardingCntrlr.swift in Sources */,
				9B6166EA26AE3FF800F63006 /* SideMenu.swift in Sources */,
				9B6166EE26AE44BC00F63006 /* RootNavigation.swift in Sources */,
				9B6166E626AE3BC900F63006 /* Login.swift in Sources */,
				9B82AE4226AE5E32000E5341 /* SelectTimeCell.swift in Sources */,
				9B6166E826AE3E3100F63006 /* SignUp.swift in Sources */,
			);
			runOnlyForDeploymentPostprocessing = 0;
		};
/* End PBXSourcesBuildPhase section */

/* Begin PBXVariantGroup section */
		9B6166D126AE309E00F63006 /* Register.storyboard */ = {
			isa = PBXVariantGroup;
			children = (
				9B6166D226AE309E00F63006 /* Base */,
			);
			name = Register.storyboard;
			sourceTree = "<group>";
		};
		9B6166D626AE30A700F63006 /* LaunchScreen.storyboard */ = {
			isa = PBXVariantGroup;
			children = (
				9B6166D726AE30A700F63006 /* Base */,
			);
			name = LaunchScreen.storyboard;
			sourceTree = "<group>";
		};
		9B82AE3C26AE4EAA000E5341 /* User.storyboard */ = {
			isa = PBXVariantGroup;
			children = (
				9B82AE3D26AE4EAA000E5341 /* Base */,
			);
			name = User.storyboard;
			sourceTree = "<group>";
		};
/* End PBXVariantGroup section */

/* Begin XCBuildConfiguration section */
		9B6166DA26AE30A700F63006 /* Debug */ = {
			isa = XCBuildConfiguration;
			buildSettings = {
				ALWAYS_SEARCH_USER_PATHS = NO;
				CLANG_ANALYZER_NONNULL = YES;
				CLANG_ANALYZER_NUMBER_OBJECT_CONVERSION = YES_AGGRESSIVE;
				CLANG_CXX_LANGUAGE_STANDARD = "gnu++14";
				CLANG_CXX_LIBRARY = "libc++";
				CLANG_ENABLE_MODULES = YES;
				CLANG_ENABLE_OBJC_ARC = YES;
				CLANG_ENABLE_OBJC_WEAK = YES;
				CLANG_WARN_BLOCK_CAPTURE_AUTORELEASING = YES;
				CLANG_WARN_BOOL_CONVERSION = YES;
				CLANG_WARN_COMMA = YES;
				CLANG_WARN_CONSTANT_CONVERSION = YES;
				CLANG_WARN_DEPRECATED_OBJC_IMPLEMENTATIONS = YES;
				CLANG_WARN_DIRECT_OBJC_ISA_USAGE = YES_ERROR;
				CLANG_WARN_DOCUMENTATION_COMMENTS = YES;
				CLANG_WARN_EMPTY_BODY = YES;
				CLANG_WARN_ENUM_CONVERSION = YES;
				CLANG_WARN_INFINITE_RECURSION = YES;
				CLANG_WARN_INT_CONVERSION = YES;
				CLANG_WARN_NON_LITERAL_NULL_CONVERSION = YES;
				CLANG_WARN_OBJC_IMPLICIT_RETAIN_SELF = YES;
				CLANG_WARN_OBJC_LITERAL_CONVERSION = YES;
				CLANG_WARN_OBJC_ROOT_CLASS = YES_ERROR;
				CLANG_WARN_RANGE_LOOP_ANALYSIS = YES;
				CLANG_WARN_STRICT_PROTOTYPES = YES;
				CLANG_WARN_SUSPICIOUS_MOVE = YES;
				CLANG_WARN_UNGUARDED_AVAILABILITY = YES_AGGRESSIVE;
				CLANG_WARN_UNREACHABLE_CODE = YES;
				CLANG_WARN__DUPLICATE_METHOD_MATCH = YES;
				COPY_PHASE_STRIP = NO;
				DEBUG_INFORMATION_FORMAT = dwarf;
				ENABLE_STRICT_OBJC_MSGSEND = YES;
				ENABLE_TESTABILITY = YES;
				GCC_C_LANGUAGE_STANDARD = gnu11;
				GCC_DYNAMIC_NO_PIC = NO;
				GCC_NO_COMMON_BLOCKS = YES;
				GCC_OPTIMIZATION_LEVEL = 0;
				GCC_PREPROCESSOR_DEFINITIONS = (
					"DEBUG=1",
					"$(inherited)",
				);
				GCC_WARN_64_TO_32_BIT_CONVERSION = YES;
				GCC_WARN_ABOUT_RETURN_TYPE = YES_ERROR;
				GCC_WARN_UNDECLARED_SELECTOR = YES;
				GCC_WARN_UNINITIALIZED_AUTOS = YES_AGGRESSIVE;
				GCC_WARN_UNUSED_FUNCTION = YES;
				GCC_WARN_UNUSED_VARIABLE = YES;
				IPHONEOS_DEPLOYMENT_TARGET = 13.7;
				MTL_ENABLE_DEBUG_INFO = INCLUDE_SOURCE;
				MTL_FAST_MATH = YES;
				ONLY_ACTIVE_ARCH = YES;
				SDKROOT = iphoneos;
				SWIFT_ACTIVE_COMPILATION_CONDITIONS = DEBUG;
				SWIFT_OPTIMIZATION_LEVEL = "-Onone";
			};
			name = Debug;
		};
		9B6166DB26AE30A700F63006 /* Release */ = {
			isa = XCBuildConfiguration;
			buildSettings = {
				ALWAYS_SEARCH_USER_PATHS = NO;
				CLANG_ANALYZER_NONNULL = YES;
				CLANG_ANALYZER_NUMBER_OBJECT_CONVERSION = YES_AGGRESSIVE;
				CLANG_CXX_LANGUAGE_STANDARD = "gnu++14";
				CLANG_CXX_LIBRARY = "libc++";
				CLANG_ENABLE_MODULES = YES;
				CLANG_ENABLE_OBJC_ARC = YES;
				CLANG_ENABLE_OBJC_WEAK = YES;
				CLANG_WARN_BLOCK_CAPTURE_AUTORELEASING = YES;
				CLANG_WARN_BOOL_CONVERSION = YES;
				CLANG_WARN_COMMA = YES;
				CLANG_WARN_CONSTANT_CONVERSION = YES;
				CLANG_WARN_DEPRECATED_OBJC_IMPLEMENTATIONS = YES;
				CLANG_WARN_DIRECT_OBJC_ISA_USAGE = YES_ERROR;
				CLANG_WARN_DOCUMENTATION_COMMENTS = YES;
				CLANG_WARN_EMPTY_BODY = YES;
				CLANG_WARN_ENUM_CONVERSION = YES;
				CLANG_WARN_INFINITE_RECURSION = YES;
				CLANG_WARN_INT_CONVERSION = YES;
				CLANG_WARN_NON_LITERAL_NULL_CONVERSION = YES;
				CLANG_WARN_OBJC_IMPLICIT_RETAIN_SELF = YES;
				CLANG_WARN_OBJC_LITERAL_CONVERSION = YES;
				CLANG_WARN_OBJC_ROOT_CLASS = YES_ERROR;
				CLANG_WARN_RANGE_LOOP_ANALYSIS = YES;
				CLANG_WARN_STRICT_PROTOTYPES = YES;
				CLANG_WARN_SUSPICIOUS_MOVE = YES;
				CLANG_WARN_UNGUARDED_AVAILABILITY = YES_AGGRESSIVE;
				CLANG_WARN_UNREACHABLE_CODE = YES;
				CLANG_WARN__DUPLICATE_METHOD_MATCH = YES;
				COPY_PHASE_STRIP = NO;
				DEBUG_INFORMATION_FORMAT = "dwarf-with-dsym";
				ENABLE_NS_ASSERTIONS = NO;
				ENABLE_STRICT_OBJC_MSGSEND = YES;
				GCC_C_LANGUAGE_STANDARD = gnu11;
				GCC_NO_COMMON_BLOCKS = YES;
				GCC_WARN_64_TO_32_BIT_CONVERSION = YES;
				GCC_WARN_ABOUT_RETURN_TYPE = YES_ERROR;
				GCC_WARN_UNDECLARED_SELECTOR = YES;
				GCC_WARN_UNINITIALIZED_AUTOS = YES_AGGRESSIVE;
				GCC_WARN_UNUSED_FUNCTION = YES;
				GCC_WARN_UNUSED_VARIABLE = YES;
				IPHONEOS_DEPLOYMENT_TARGET = 13.7;
				MTL_ENABLE_DEBUG_INFO = NO;
				MTL_FAST_MATH = YES;
				SDKROOT = iphoneos;
				SWIFT_COMPILATION_MODE = wholemodule;
				SWIFT_OPTIMIZATION_LEVEL = "-O";
				VALIDATE_PRODUCT = YES;
			};
			name = Release;
		};
		9B6166DD26AE30A700F63006 /* Debug */ = {
			isa = XCBuildConfiguration;
			baseConfigurationReference = AC2CEF7D580CBD1B48BE4116 /* Pods-MuddyPaws.debug.xcconfig */;
			buildSettings = {
				ASSETCATALOG_COMPILER_APPICON_NAME = AppIcon;
				CODE_SIGN_STYLE = Automatic;
				DEVELOPMENT_TEAM = FZ8UMCTY5V;
				INFOPLIST_FILE = MuddyPaws/Info.plist;
				LD_RUNPATH_SEARCH_PATHS = (
					"$(inherited)",
					"@executable_path/Frameworks",
				);
				PRODUCT_BUNDLE_IDENTIFIER = TechGeeks.MuddyPaws;
				PRODUCT_NAME = "$(TARGET_NAME)";
				SWIFT_VERSION = 5.0;
				TARGETED_DEVICE_FAMILY = "1,2";
			};
			name = Debug;
		};
		9B6166DE26AE30A700F63006 /* Release */ = {
			isa = XCBuildConfiguration;
			baseConfigurationReference = E3C204C671C48F3D104751B1 /* Pods-MuddyPaws.release.xcconfig */;
			buildSettings = {
				ASSETCATALOG_COMPILER_APPICON_NAME = AppIcon;
				CODE_SIGN_STYLE = Automatic;
				DEVELOPMENT_TEAM = FZ8UMCTY5V;
				INFOPLIST_FILE = MuddyPaws/Info.plist;
				LD_RUNPATH_SEARCH_PATHS = (
					"$(inherited)",
					"@executable_path/Frameworks",
				);
				PRODUCT_BUNDLE_IDENTIFIER = TechGeeks.MuddyPaws;
				PRODUCT_NAME = "$(TARGET_NAME)";
				SWIFT_VERSION = 5.0;
				TARGETED_DEVICE_FAMILY = "1,2";
			};
			name = Release;
		};
/* End XCBuildConfiguration section */

/* Begin XCConfigurationList section */
		9B6166C326AE309D00F63006 /* Build configuration list for PBXProject "MuddyPaws" */ = {
			isa = XCConfigurationList;
			buildConfigurations = (
				9B6166DA26AE30A700F63006 /* Debug */,
				9B6166DB26AE30A700F63006 /* Release */,
			);
			defaultConfigurationIsVisible = 0;
			defaultConfigurationName = Release;
		};
		9B6166DC26AE30A700F63006 /* Build configuration list for PBXNativeTarget "MuddyPaws" */ = {
			isa = XCConfigurationList;
			buildConfigurations = (
				9B6166DD26AE30A700F63006 /* Debug */,
				9B6166DE26AE30A700F63006 /* Release */,
			);
			defaultConfigurationIsVisible = 0;
			defaultConfigurationName = Release;
		};
/* End XCConfigurationList section */
	};
	rootObject = 9B6166C026AE309D00F63006 /* Project object */;
}
